
Microsoft Visual Studio Solution File, Format Version 12.00
# Visual Studio Version 17
VisualStudioVersion = 17.10.35013.160
MinimumVisualStudioVersion = 10.0.40219.1
Project("{FAE04EC0-301F-11D3-BF4B-00C04F79EFBC}") = "Web_API_Suuh", "Web_API_Suuh\Web_API_Suuh.csproj", "{5157E379-2BB3-4A16-87EF-E46E5F4A177A}"
EndProject
Global
	GlobalSection(SolutionConfigurationPlatforms) = preSolution
		Debug|Any CPU = Debug|Any CPU
		Release|Any CPU = Release|Any CPU
	EndGlobalSection
	GlobalSection(ProjectConfigurationPlatforms) = postSolution
		{5157E379-2BB3-4A16-87EF-E46E5F4A177A}.Debug|Any CPU.ActiveCfg = Debug|Any CPU
		{5157E379-2BB3-4A16-87EF-E46E5F4A177A}.Debug|Any CPU.Build.0 = Debug|Any CPU
		{5157E379-2BB3-4A16-87EF-E46E5F4A177A}.Release|Any CPU.ActiveCfg = Release|Any CPU
		{5157E379-2BB3-4A16-87EF-E46E5F4A177A}.Release|Any CPU.Build.0 = Release|Any CPU
	EndGlobalSection
	GlobalSection(SolutionProperties) = preSolution
		HideSolutionNode = FALSE
	EndGlobalSection
	GlobalSection(ExtensibilityGlobals) = postSolution
		SolutionGuid = {921407B3-92B1-4B63-B405-CE6DF7F03325}
	EndGlobalSection
EndGlobal
